
Microsoft Visual Studio Solution File, Format Version 12.00
# Visual Studio Version 16
VisualStudioVersion = 16.0.30523.141
MinimumVisualStudioVersion = 10.0.40219.1
Project("{9092AA53-FB77-4645-B42D-1CCCA6BD08BD}") = "matrices-library", "matrices-library\matrices-library.njsproj", "{D475B862-4DB0-4F89-AE28-43C441F7D512}"
EndProject
Global
	GlobalSection(SolutionConfigurationPlatforms) = preSolution
		Debug|Any CPU = Debug|Any CPU
		Release|Any CPU = Release|Any CPU
	EndGlobalSection
	GlobalSection(ProjectConfigurationPlatforms) = postSolution
		{D475B862-4DB0-4F89-AE28-43C441F7D512}.Debug|Any CPU.ActiveCfg = Debug|Any CPU
		{D475B862-4DB0-4F89-AE28-43C441F7D512}.Debug|Any CPU.Build.0 = Debug|Any CPU
		{D475B862-4DB0-4F89-AE28-43C441F7D512}.Release|Any CPU.ActiveCfg = Release|Any CPU
		{D475B862-4DB0-4F89-AE28-43C441F7D512}.Release|Any CPU.Build.0 = Release|Any CPU
	EndGlobalSection
	GlobalSection(SolutionProperties) = preSolution
		HideSolutionNode = FALSE
	EndGlobalSection
	GlobalSection(ExtensibilityGlobals) = postSolution
		SolutionGuid = {B85BD559-FE64-437D-8213-5F39AF9EF569}
	EndGlobalSection
EndGlobal
